
Microsoft Visual Studio Solution File, Format Version 12.00
# Visual Studio Version 17
VisualStudioVersion = 17.9.34616.47
MinimumVisualStudioVersion = 10.0.40219.1
Project("{FAE04EC0-301F-11D3-BF4B-00C04F79EFBC}") = "Information_System_App", "Information_System_App\Information_System_App.csproj", "{C8CED4D2-E9D6-4AFB-AC29-5A53FD94DD66}"
EndProject
Global
	GlobalSection(SolutionConfigurationPlatforms) = preSolution
		Debug|Any CPU = Debug|Any CPU
		Release|Any CPU = Release|Any CPU
	EndGlobalSection
	GlobalSection(ProjectConfigurationPlatforms) = postSolution
		{C8CED4D2-E9D6-4AFB-AC29-5A53FD94DD66}.Debug|Any CPU.ActiveCfg = Debug|Any CPU
		{C8CED4D2-E9D6-4AFB-AC29-5A53FD94DD66}.Debug|Any CPU.Build.0 = Debug|Any CPU
		{C8CED4D2-E9D6-4AFB-AC29-5A53FD94DD66}.Release|Any CPU.ActiveCfg = Release|Any CPU
		{C8CED4D2-E9D6-4AFB-AC29-5A53FD94DD66}.Release|Any CPU.Build.0 = Release|Any CPU
	EndGlobalSection
	GlobalSection(SolutionProperties) = preSolution
		HideSolutionNode = FALSE
	EndGlobalSection
	GlobalSection(ExtensibilityGlobals) = postSolution
		SolutionGuid = {68B81643-32F5-43ED-992A-87A0F2FBDC50}
	EndGlobalSection
EndGlobal
